{
  "object": {
    "pins": [
      {
        "package": "NetworkClient",
        "repositoryURL": "https://github.com/thanhan123/NetworkClient.git",
        "state": {
          "branch": null,
          "revision": "7a0dba5b40f5f3e9418e536e11aabde6849513c0",
          "version": "1.0.2"
        }
      },
      {
        "package": "URLImage",
        "repositoryURL": "https://github.com/dmytro-anokhin/url-image.git",
        "state": {
          "branch": null,
          "revision": "7b443c9e7b6889cf7677f102143c3c7442c589e5",
          "version": "0.9.8"
        }
      }
    ]
  },
  "version": 1
}
