{
  "object": {
    "pins": [
      {
        "package": "NetworkClient",
        "repositoryURL": "https://github.com/thanhan123/NetworkClient.git",
        "state": {
          "branch": null,
          "revision": "c39541af7bbd6e1d2abbc19e37130e818aa70519",
          "version": "1.0.3"
        }
      },
      {
        "package": "URLImage",
        "repositoryURL": "https://github.com/dmytro-anokhin/url-image.git",
        "state": {
          "branch": null,
          "revision": "7b443c9e7b6889cf7677f102143c3c7442c589e5",
          "version": "0.9.8"
        }
      }
    ]
  },
  "version": 1
}
